
Microsoft Visual Studio Solution File, Format Version 12.00
# Visual Studio Version 17
VisualStudioVersion = 17.5.33530.505
MinimumVisualStudioVersion = 10.0.40219.1
Project("{FAE04EC0-301F-11D3-BF4B-00C04F79EFBC}") = "MegaDesk - Pescador", "MegaDesk - Pescador\MegaDesk - Pescador.csproj", "{EDE5057E-A84B-4F30-B3AD-D2A58B43895B}"
EndProject
Global
	GlobalSection(SolutionConfigurationPlatforms) = preSolution
		Debug|Any CPU = Debug|Any CPU
		Release|Any CPU = Release|Any CPU
	EndGlobalSection
	GlobalSection(ProjectConfigurationPlatforms) = postSolution
		{EDE5057E-A84B-4F30-B3AD-D2A58B43895B}.Debug|Any CPU.ActiveCfg = Debug|Any CPU
		{EDE5057E-A84B-4F30-B3AD-D2A58B43895B}.Debug|Any CPU.Build.0 = Debug|Any CPU
		{EDE5057E-A84B-4F30-B3AD-D2A58B43895B}.Release|Any CPU.ActiveCfg = Release|Any CPU
		{EDE5057E-A84B-4F30-B3AD-D2A58B43895B}.Release|Any CPU.Build.0 = Release|Any CPU
	EndGlobalSection
	GlobalSection(SolutionProperties) = preSolution
		HideSolutionNode = FALSE
	EndGlobalSection
	GlobalSection(ExtensibilityGlobals) = postSolution
		SolutionGuid = {37324F33-30E6-43EA-BABF-A1CEE00FFD16}
	EndGlobalSection
EndGlobal
